
Microsoft Visual Studio Solution File, Format Version 12.00
# Visual Studio 15
VisualStudioVersion = 15.0.28307.1022
MinimumVisualStudioVersion = 10.0.40219.1
Project("{FAE04EC0-301F-11D3-BF4B-00C04F79EFBC}") = "WebApplicationRestaurant", "WebApplicationRestaurant\WebApplicationRestaurant.csproj", "{3AE778C7-BAC0-4ADD-AB81-2FEBBA85ED64}"
EndProject
Global
	GlobalSection(SolutionConfigurationPlatforms) = preSolution
		Debug|Any CPU = Debug|Any CPU
		Release|Any CPU = Release|Any CPU
	EndGlobalSection
	GlobalSection(ProjectConfigurationPlatforms) = postSolution
		{3AE778C7-BAC0-4ADD-AB81-2FEBBA85ED64}.Debug|Any CPU.ActiveCfg = Debug|Any CPU
		{3AE778C7-BAC0-4ADD-AB81-2FEBBA85ED64}.Debug|Any CPU.Build.0 = Debug|Any CPU
		{3AE778C7-BAC0-4ADD-AB81-2FEBBA85ED64}.Release|Any CPU.ActiveCfg = Release|Any CPU
		{3AE778C7-BAC0-4ADD-AB81-2FEBBA85ED64}.Release|Any CPU.Build.0 = Release|Any CPU
	EndGlobalSection
	GlobalSection(SolutionProperties) = preSolution
		HideSolutionNode = FALSE
	EndGlobalSection
	GlobalSection(ExtensibilityGlobals) = postSolution
		SolutionGuid = {A1B1302A-C45B-4C4E-9C9A-C6A44F2F5E9F}
	EndGlobalSection
EndGlobal
